# This file is automatically @generated by Cargo.
# It is not intended for manual editing.
version = 3

[[package]]
name = "aho-corasick"
version = "1.0.2"
source = "registry+https://github.com/rust-lang/crates.io-index"
checksum = "43f6cb1bf222025340178f382c426f13757b2960e89779dfcb319c32542a5a41"
dependencies = [
 "memchr",
]

[[package]]
name = "glam"
version = "0.23.0"
source = "registry+https://github.com/rust-lang/crates.io-index"
checksum = "8e4afd9ad95555081e109fe1d21f2a30c691b5f0919c67dfa690a2e1eb6bd51c"

[[package]]
name = "godot"
version = "0.1.0"
source = "git+https://github.com/godot-rust/gdext?branch=master#696a2172a40667df8d9a9195eac8685868d3c0a3"
dependencies = [
 "godot-core",
 "godot-macros",
]

[[package]]
name = "godot-bindings"
version = "0.1.0"
source = "git+https://github.com/godot-rust/gdext?branch=master#696a2172a40667df8d9a9195eac8685868d3c0a3"
dependencies = [
 "godot4-prebuilt",
]

[[package]]
name = "godot-codegen"
version = "0.1.0"
source = "git+https://github.com/godot-rust/gdext?branch=master#696a2172a40667df8d9a9195eac8685868d3c0a3"
dependencies = [
 "godot-bindings",
 "godot-fmt",
 "heck",
 "nanoserde",
 "proc-macro2",
 "quote",
 "regex",
]

[[package]]
name = "godot-core"
version = "0.1.0"
source = "git+https://github.com/godot-rust/gdext?branch=master#696a2172a40667df8d9a9195eac8685868d3c0a3"
dependencies = [
 "glam",
 "godot-bindings",
 "godot-codegen",
 "godot-ffi",
]

[[package]]
name = "godot-ffi"
version = "0.1.0"
source = "git+https://github.com/godot-rust/gdext?branch=master#696a2172a40667df8d9a9195eac8685868d3c0a3"
dependencies = [
 "godot-bindings",
 "godot-codegen",
 "paste",
]

[[package]]
name = "godot-fmt"
version = "0.1.0"
source = "git+https://github.com/godot-rust/gdext?branch=master#696a2172a40667df8d9a9195eac8685868d3c0a3"
dependencies = [
 "proc-macro2",
]

[[package]]
name = "godot-macros"
version = "0.1.0"
source = "git+https://github.com/godot-rust/gdext?branch=master#696a2172a40667df8d9a9195eac8685868d3c0a3"
dependencies = [
 "proc-macro2",
 "quote",
 "venial",
]

[[package]]
name = "godot-rust-plugin"
version = "0.1.0"
dependencies = [
 "godot",
]

[[package]]
name = "godot4-prebuilt"
version = "0.0.0"
source = "git+https://github.com/godot-rust/godot4-prebuilt?branch=4.1#23477b8096a90c3798ab3558b776e9743e59ea2a"

[[package]]
name = "heck"
version = "0.4.1"
source = "registry+https://github.com/rust-lang/crates.io-index"
checksum = "95505c38b4572b2d910cecb0281560f54b440a19336cbbcb27bf6ce6adc6f5a8"

[[package]]
name = "memchr"
version = "2.5.0"
source = "registry+https://github.com/rust-lang/crates.io-index"
checksum = "2dffe52ecf27772e601905b7522cb4ef790d2cc203488bbd0e2fe85fcb74566d"

[[package]]
name = "nanoserde"
version = "0.1.33"
source = "registry+https://github.com/rust-lang/crates.io-index"
checksum = "efd70383f6928f4cc1df3736278cd4e7ea467e8c6848336b36ecdf0a89f38666"
dependencies = [
 "nanoserde-derive",
]

[[package]]
name = "nanoserde-derive"
version = "0.1.20"
source = "registry+https://github.com/rust-lang/crates.io-index"
checksum = "86b53c5a09a773c60df71fa6f41b8631f80a3406e6766e7f5ee773b2ec419e08"

[[package]]
name = "paste"
version = "1.0.14"
source = "registry+https://github.com/rust-lang/crates.io-index"
checksum = "de3145af08024dea9fa9914f381a17b8fc6034dfb00f3a84013f7ff43f29ed4c"

[[package]]
name = "proc-macro2"
version = "1.0.66"
source = "registry+https://github.com/rust-lang/crates.io-index"
checksum = "18fb31db3f9bddb2ea821cde30a9f70117e3f119938b5ee630b7403aa6e2ead9"
dependencies = [
 "unicode-ident",
]

[[package]]
name = "quote"
version = "1.0.32"
source = "registry+https://github.com/rust-lang/crates.io-index"
checksum = "50f3b39ccfb720540debaa0164757101c08ecb8d326b15358ce76a62c7e85965"
dependencies = [
 "proc-macro2",
]

[[package]]
name = "regex"
version = "1.9.1"
source = "registry+https://github.com/rust-lang/crates.io-index"
checksum = "b2eae68fc220f7cf2532e4494aded17545fce192d59cd996e0fe7887f4ceb575"
dependencies = [
 "aho-corasick",
 "memchr",
 "regex-automata",
 "regex-syntax",
]

[[package]]
name = "regex-automata"
version = "0.3.3"
source = "registry+https://github.com/rust-lang/crates.io-index"
checksum = "39354c10dd07468c2e73926b23bb9c2caca74c5501e38a35da70406f1d923310"
dependencies = [
 "aho-corasick",
 "memchr",
 "regex-syntax",
]

[[package]]
name = "regex-syntax"
version = "0.7.4"
source = "registry+https://github.com/rust-lang/crates.io-index"
checksum = "e5ea92a5b6195c6ef2a0295ea818b312502c6fc94dde986c5553242e18fd4ce2"

[[package]]
name = "unicode-ident"
version = "1.0.11"
source = "registry+https://github.com/rust-lang/crates.io-index"
checksum = "301abaae475aa91687eb82514b328ab47a211a533026cb25fc3e519b86adfc3c"

[[package]]
name = "venial"
version = "0.5.0"
source = "registry+https://github.com/rust-lang/crates.io-index"
checksum = "61584a325b16f97b5b25fcc852eb9550843a251057a5e3e5992d2376f3df4bb2"
dependencies = [
 "proc-macro2",
 "quote",
]
